# This file is automatically @generated by Poetry and should not be changed by hand.

[[package]]
name = "pytz"
version = "2022.6"
description = "World timezone definitions, modern and historical"
category = "main"
optional = false
python-versions = "*"
files = [
    {file = "pytz-2022.6-py2.py3-none-any.whl", hash = "sha256:222439474e9c98fced559f1709d89e6c9cbf8d79c794ff3eb9f8800064291427"},
    {file = "pytz-2022.6.tar.gz", hash = "sha256:e89512406b793ca39f5971bc999cc538ce125c0e51c27941bef4568b460095e2"},
]

[metadata]
lock-version = "2.0"
python-versions = "^3.8"
content-hash = "497e380a0966b02efa8e1af8759bf2ae8c24a44b5dd7c68fc1830ef7a85359a5"
