# This file is automatically @generated by Poetry and should not be changed by hand.

[[package]]
name = "pytz"
version = "2022.7.1"
description = "World timezone definitions, modern and historical"
category = "main"
optional = false
python-versions = "*"
files = [
    {file = "pytz-2022.7.1-py2.py3-none-any.whl", hash = "sha256:78f4f37d8198e0627c5f1143240bb0206b8691d8d7ac6d78fee88b78733f8c4a"},
    {file = "pytz-2022.7.1.tar.gz", hash = "sha256:01a0681c4b9684a28304615eba55d1ab31ae00bf68ec157ec3708a8182dbbcd0"},
]

[metadata]
lock-version = "2.0"
python-versions = "^3.8"
content-hash = "8b6f9e4593126eb3316b0923d22b8ae46f7e828f6c07b10dad4b69b35edb4b27"
