# This file is automatically @generated by Poetry and should not be changed by hand.

[[package]]
name = "pytz"
version = "2022.5"
description = "World timezone definitions, modern and historical"
category = "main"
optional = false
python-versions = "*"
files = [
    {file = "pytz-2022.5-py2.py3-none-any.whl", hash = "sha256:335ab46900b1465e714b4fda4963d87363264eb662aab5e65da039c25f1f5b22"},
    {file = "pytz-2022.5.tar.gz", hash = "sha256:c4d88f472f54d615e9cd582a5004d1e5f624854a6a27a6211591c251f22a6914"},
]

[metadata]
lock-version = "2.0"
python-versions = "^3.8"
content-hash = "3329cf2d09831cea4829e98e336578a680a9063ebdb51c01ec8d8f063f50e946"
